
Microsoft Visual Studio Solution File, Format Version 12.00
# Visual Studio 15
VisualStudioVersion = 15.0.28307.421
MinimumVisualStudioVersion = 10.0.40219.1
Project("{FAE04EC0-301F-11D3-BF4B-00C04F79EFBC}") = "HiveProject", "HiveProject\HiveProject.csproj", "{58FB7918-1BCF-46DF-B57D-676CBEB665BF}"
EndProject
Global
	GlobalSection(SolutionConfigurationPlatforms) = preSolution
		Debug|Any CPU = Debug|Any CPU
		Release|Any CPU = Release|Any CPU
	EndGlobalSection
	GlobalSection(ProjectConfigurationPlatforms) = postSolution
		{58FB7918-1BCF-46DF-B57D-676CBEB665BF}.Debug|Any CPU.ActiveCfg = Debug|Any CPU
		{58FB7918-1BCF-46DF-B57D-676CBEB665BF}.Debug|Any CPU.Build.0 = Debug|Any CPU
		{58FB7918-1BCF-46DF-B57D-676CBEB665BF}.Release|Any CPU.ActiveCfg = Release|Any CPU
		{58FB7918-1BCF-46DF-B57D-676CBEB665BF}.Release|Any CPU.Build.0 = Release|Any CPU
	EndGlobalSection
	GlobalSection(SolutionProperties) = preSolution
		HideSolutionNode = FALSE
	EndGlobalSection
	GlobalSection(ExtensibilityGlobals) = postSolution
		SolutionGuid = {44105470-1C2A-4318-A1A2-25FE044DEF04}
	EndGlobalSection
EndGlobal
